{
  "originHash" : "a4baaa90f122fc4924541b827b5646eff4eb9b7abe4aebd4650e29b13c72dd95",
  "pins" : [
    {
      "identity" : "liltidy.swift",
      "kind" : "remoteSourceControl",
      "location" : "https://github.com/nakajima/LilTidy.swift",
      "state" : {
        "branch" : "main",
        "revision" : "f34ff84a98725ec3c885c5e764e8f35281898f10"
      }
    }
  ],
  "version" : 3
}
